# THIS IS AN AUTOGENERATED FILE. DO NOT EDIT THIS FILE DIRECTLY.
# yarn lockfile v1


"@eslint-community/eslint-utils@^4.2.0":
  version "4.4.0"
  resolved "https://repo.gildata.com:443/artifactory/api/npm/npmhundsun/@eslint-community/eslint-utils/-/eslint-utils-4.4.0.tgz"
  integrity sha1-ojUU6Pua8SadX3eIqlVnmNYca1k=
  dependencies:
    eslint-visitor-keys "^3.3.0"

"@eslint-community/regexpp@^4.4.0":
  version "4.4.1"
  resolved "https://repo.gildata.com:443/artifactory/api/npm/npmhundsun/@eslint-community/regexpp/-/regexpp-4.4.1.tgz"
  integrity sha1-CHy42ddXuyLpyZRsnAwr+IBoMPE=

"@eslint/eslintrc@^2.0.1":
  version "2.0.1"
  resolved "https://repo.gildata.com:443/artifactory/api/npm/npmhundsun/@eslint/eslintrc/-/eslintrc-2.0.1.tgz"
  integrity sha1-eIj+fsjyG8JtZG29LBHNd24hGS0=
  dependencies:
    ajv "^6.12.4"
    debug "^4.3.2"
    espree "^9.5.0"
    globals "^13.19.0"
    ignore "^5.2.0"
    import-fresh "^3.2.1"
    js-yaml "^4.1.0"
    minimatch "^3.1.2"
    strip-json-comments "^3.1.1"

"@eslint/js@8.36.0":
  version "8.36.0"
  resolved "https://repo.gildata.com:443/artifactory/api/npm/npmhundsun/@eslint/js/-/js-8.36.0.tgz"
  integrity sha1-mDf3aMA6HkowvTBKZPuIRPDnLv4=

"@humanwhocodes/config-array@^0.11.8":
  version "0.11.8"
  resolved "https://repo.gildata.com:443/artifactory/api/npm/npmhundsun/@humanwhocodes/config-array/-/config-array-0.11.8.tgz"
  integrity sha1-A1lawgdaTcDxkcwhMd4U+9fUELk=
  dependencies:
    "@humanwhocodes/object-schema" "^1.2.1"
    debug "^4.1.1"
    minimatch "^3.0.5"

"@humanwhocodes/module-importer@^1.0.1":
  version "1.0.1"
  resolved "https://repo.gildata.com:443/artifactory/api/npm/npmhundsun/@humanwhocodes/module-importer/-/module-importer-1.0.1.tgz"
  integrity sha1-r1smkaIrRL6EewyoFkHF+2rQFyw=

"@humanwhocodes/object-schema@^1.2.1":
  version "1.2.1"
  resolved "https://repo.gildata.com:443/artifactory/api/npm/npmhundsun/@humanwhocodes/object-schema/-/object-schema-1.2.1.tgz"
  integrity sha1-tSBSnsIdjllFoYUd/Rwy6U45/0U=

"@nodelib/fs.scandir@2.1.5":
  version "2.1.5"
  resolved "https://repo.gildata.com:443/artifactory/api/npm/npmhundsun/@nodelib/fs.scandir/-/fs.scandir-2.1.5.tgz"
  integrity sha1-dhnC6yGyVIP20WdUi0z9WnSIw9U=
  dependencies:
    "@nodelib/fs.stat" "2.0.5"
    run-parallel "^1.1.9"

"@nodelib/fs.stat@2.0.5", "@nodelib/fs.stat@^2.0.2":
  version "2.0.5"
  resolved "https://repo.gildata.com:443/artifactory/api/npm/npmhundsun/@nodelib/fs.stat/-/fs.stat-2.0.5.tgz"
  integrity sha1-W9Jir5Tp0lvR5xsF3u1Eh2oiLos=

"@nodelib/fs.walk@^1.2.3", "@nodelib/fs.walk@^1.2.8":
  version "1.2.8"
  resolved "https://repo.gildata.com:443/artifactory/api/npm/npmhundsun/@nodelib/fs.walk/-/fs.walk-1.2.8.tgz"
  integrity sha1-6Vc36LtnRt3t9pxVaVNJTxlv5po=
  dependencies:
    "@nodelib/fs.scandir" "2.1.5"
    fastq "^1.6.0"

"@types/js-md5@^0.8.0":
  version "0.8.0"
  resolved "https://registry.npmjs.org/@types/js-md5/-/js-md5-0.8.0.tgz#de409902b5700c055261ad9914a7696a4709cbd6"
  integrity sha512-gQkc1Felhyj+aB9jmz/ICLm1fDPQx7l/60JIBSSEC+j09JeaINlzd0Wj9LZlQkHnV5rJYkroOHE5wdbDgADJrw==

"@types/json-schema@^7.0.9":
  version "7.0.11"
  resolved "https://repo.gildata.com:443/artifactory/api/npm/npmhundsun/@types/json-schema/-/json-schema-7.0.11.tgz"
  integrity sha1-1CG2xSejA398hEM/0sQingFoY9M=

"@types/lodash@^4.14.192":
  version "4.14.192"
  resolved "https://repo.gildata.com:443/artifactory/api/npm/npmhundsun/@types/lodash/-/lodash-4.14.192.tgz"
  integrity sha1-V5BAY2GihS0zLUFjXZJ/FgCBEoU=

"@types/semver@^7.3.12":
  version "7.3.13"
  resolved "https://repo.gildata.com:443/artifactory/api/npm/npmhundsun/@types/semver/-/semver-7.3.13.tgz"
  integrity sha1-2kv9c/Sb1UHSiSCrDivw7oD3HJE=

"@typescript-eslint/eslint-plugin@^5.57.0":
  version "5.57.0"
  resolved "https://repo.gildata.com:443/artifactory/api/npm/npmhundsun/@typescript-eslint/eslint-plugin/-/eslint-plugin-5.57.0.tgz"
  integrity sha1-UsinpFEvEOcknKHi5h+Bxiw0Nlw=
  dependencies:
    "@eslint-community/regexpp" "^4.4.0"
    "@typescript-eslint/scope-manager" "5.57.0"
    "@typescript-eslint/type-utils" "5.57.0"
    "@typescript-eslint/utils" "5.57.0"
    debug "^4.3.4"
    grapheme-splitter "^1.0.4"
    ignore "^5.2.0"
    natural-compare-lite "^1.4.0"
    semver "^7.3.7"
    tsutils "^3.21.0"

"@typescript-eslint/parser@^5.57.0":
  version "5.57.0"
  resolved "https://repo.gildata.com:443/artifactory/api/npm/npmhundsun/@typescript-eslint/parser/-/parser-5.57.0.tgz"
  integrity sha1-9nW/LNGoOJSf0N5Wg4NEF7dX5Po=
  dependencies:
    "@typescript-eslint/scope-manager" "5.57.0"
    "@typescript-eslint/types" "5.57.0"
    "@typescript-eslint/typescript-estree" "5.57.0"
    debug "^4.3.4"

"@typescript-eslint/scope-manager@5.57.0":
  version "5.57.0"
  resolved "https://repo.gildata.com:443/artifactory/api/npm/npmhundsun/@typescript-eslint/scope-manager/-/scope-manager-5.57.0.tgz"
  integrity sha1-eczT+nveB1gFkXLUQjnoceCH6jY=
  dependencies:
    "@typescript-eslint/types" "5.57.0"
    "@typescript-eslint/visitor-keys" "5.57.0"

"@typescript-eslint/type-utils@5.57.0":
  version "5.57.0"
  resolved "https://repo.gildata.com:443/artifactory/api/npm/npmhundsun/@typescript-eslint/type-utils/-/type-utils-5.57.0.tgz"
  integrity sha1-mOdTHE6SeFXUW9Ni3pIqYZtDGfI=
  dependencies:
    "@typescript-eslint/typescript-estree" "5.57.0"
    "@typescript-eslint/utils" "5.57.0"
    debug "^4.3.4"
    tsutils "^3.21.0"

"@typescript-eslint/types@5.57.0":
  version "5.57.0"
  resolved "https://repo.gildata.com:443/artifactory/api/npm/npmhundsun/@typescript-eslint/types/-/types-5.57.0.tgz"
  integrity sha1-cnv6K2THOkN2JkN5zx9EeZjqoTI=

"@typescript-eslint/typescript-estree@5.57.0":
  version "5.57.0"
  resolved "https://repo.gildata.com:443/artifactory/api/npm/npmhundsun/@typescript-eslint/typescript-estree/-/typescript-estree-5.57.0.tgz"
  integrity sha1-680O4+HWIw6IjYjN32VCUtQeLkA=
  dependencies:
    "@typescript-eslint/types" "5.57.0"
    "@typescript-eslint/visitor-keys" "5.57.0"
    debug "^4.3.4"
    globby "^11.1.0"
    is-glob "^4.0.3"
    semver "^7.3.7"
    tsutils "^3.21.0"

"@typescript-eslint/utils@5.57.0":
  version "5.57.0"
  resolved "https://repo.gildata.com:443/artifactory/api/npm/npmhundsun/@typescript-eslint/utils/-/utils-5.57.0.tgz"
  integrity sha1-6rj2Vjoqwx9g8+cCS5G/dfQ+zvY=
  dependencies:
    "@eslint-community/eslint-utils" "^4.2.0"
    "@types/json-schema" "^7.0.9"
    "@types/semver" "^7.3.12"
    "@typescript-eslint/scope-manager" "5.57.0"
    "@typescript-eslint/types" "5.57.0"
    "@typescript-eslint/typescript-estree" "5.57.0"
    eslint-scope "^5.1.1"
    semver "^7.3.7"

"@typescript-eslint/visitor-keys@5.57.0":
  version "5.57.0"
  resolved "https://repo.gildata.com:443/artifactory/api/npm/npmhundsun/@typescript-eslint/visitor-keys/-/visitor-keys-5.57.0.tgz"
  integrity sha1-4rL0F0r/HRXu+IfOPQGezC16isE=
  dependencies:
    "@typescript-eslint/types" "5.57.0"
    eslint-visitor-keys "^3.3.0"

acorn-jsx@^5.3.2:
  version "5.3.2"
  resolved "https://repo.gildata.com:443/artifactory/api/npm/npmhundsun/acorn-jsx/-/acorn-jsx-5.3.2.tgz"
  integrity sha1-ftW7VZCLOy8bxVxq8WU7rafweTc=

acorn@^8.8.0:
  version "8.8.2"
  resolved "https://repo.gildata.com:443/artifactory/api/npm/npmhundsun/acorn/-/acorn-8.8.2.tgz"
  integrity sha1-Gy8l2wKvllOZuXdrDCw5EnbTfEo=

ajv@^6.10.0, ajv@^6.12.4:
  version "6.12.6"
  resolved "https://repo.gildata.com:443/artifactory/api/npm/npmhundsun/ajv/-/ajv-6.12.6.tgz"
  integrity sha1-uvWmLoArB9l3A0WG+MO69a3ybfQ=
  dependencies:
    fast-deep-equal "^3.1.1"
    fast-json-stable-stringify "^2.0.0"
    json-schema-traverse "^0.4.1"
    uri-js "^4.2.2"

ansi-regex@^5.0.1:
  version "5.0.1"
  resolved "https://repo.gildata.com:443/artifactory/api/npm/npmhundsun/ansi-regex/-/ansi-regex-5.0.1.tgz"
  integrity sha1-CCyyyJyf6GWaMRpTvWpNxTAdswQ=

ansi-styles@^4.1.0:
  version "4.3.0"
  resolved "https://repo.gildata.com:443/artifactory/api/npm/npmhundsun/ansi-styles/-/ansi-styles-4.3.0.tgz"
  integrity sha1-7dgDYornHATIWuegkG7a00tkiTc=
  dependencies:
    color-convert "^2.0.1"

argparse@^2.0.1:
  version "2.0.1"
  resolved "https://repo.gildata.com:443/artifactory/api/npm/npmhundsun/argparse/-/argparse-2.0.1.tgz"
  integrity sha1-JG9Q88p4oyQPbJl+ipvR6sSeSzg=

array-union@^2.1.0:
  version "2.1.0"
  resolved "https://repo.gildata.com:443/artifactory/api/npm/npmhundsun/array-union/-/array-union-2.1.0.tgz"
  integrity sha1-t5hCCtvrHego2ErNii4j0+/oXo0=

balanced-match@^1.0.0:
  version "1.0.2"
  resolved "https://repo.gildata.com:443/artifactory/api/npm/npmhundsun/balanced-match/-/balanced-match-1.0.2.tgz"
  integrity sha1-6D46fj8wCzTLnYf2FfoMvzV2kO4=

brace-expansion@^1.1.7:
  version "1.1.11"
  resolved "https://repo.gildata.com:443/artifactory/api/npm/npmhundsun/brace-expansion/-/brace-expansion-1.1.11.tgz"
  integrity sha1-PH/L9SnYcibz0vUrlm/1Jx60Qd0=
  dependencies:
    balanced-match "^1.0.0"
    concat-map "0.0.1"

braces@^3.0.2:
  version "3.0.2"
  resolved "https://repo.gildata.com:443/artifactory/api/npm/npmhundsun/braces/-/braces-3.0.2.tgz"
  integrity sha1-NFThpGLujVmeI23zNs2epPiv4Qc=
  dependencies:
    fill-range "^7.0.1"

callsites@^3.0.0:
  version "3.1.0"
  resolved "https://repo.gildata.com:443/artifactory/api/npm/npmhundsun/callsites/-/callsites-3.1.0.tgz"
  integrity sha1-s2MKvYlDQy9Us/BRkjjjPNffL3M=

chalk@^4.0.0:
  version "4.1.2"
  resolved "https://repo.gildata.com:443/artifactory/api/npm/npmhundsun/chalk/-/chalk-4.1.2.tgz"
  integrity sha1-qsTit3NKdAhnrrFr8CqtVWoeegE=
  dependencies:
    ansi-styles "^4.1.0"
    supports-color "^7.1.0"

color-convert@^2.0.1:
  version "2.0.1"
  resolved "https://repo.gildata.com:443/artifactory/api/npm/npmhundsun/color-convert/-/color-convert-2.0.1.tgz"
  integrity sha1-ctOmjVmMm9s68q0ehPIdiWq9TeM=
  dependencies:
    color-name "~1.1.4"

color-name@~1.1.4:
  version "1.1.4"
  resolved "https://repo.gildata.com:443/artifactory/api/npm/npmhundsun/color-name/-/color-name-1.1.4.tgz"
  integrity sha1-wqCah6y95pVD3m9j+jmVyCbFNqI=

concat-map@0.0.1:
  version "0.0.1"
  resolved "https://repo.gildata.com:443/artifactory/api/npm/npmhundsun/concat-map/-/concat-map-0.0.1.tgz"
  integrity sha1-2Klr13/Wjfd5OnMDajug1UBdR3s=

cross-spawn@^7.0.2:
  version "7.0.3"
  resolved "https://repo.gildata.com:443/artifactory/api/npm/npmhundsun/cross-spawn/-/cross-spawn-7.0.3.tgz"
  integrity sha1-9zqFudXUHQRVUcF34ogtSshXKKY=
  dependencies:
    path-key "^3.1.0"
    shebang-command "^2.0.0"
    which "^2.0.1"

debug@^4.1.1, debug@^4.3.2, debug@^4.3.4:
  version "4.3.4"
  resolved "https://repo.gildata.com:443/artifactory/api/npm/npmhundsun/debug/-/debug-4.3.4.tgz"
  integrity sha1-Exn2V5NX8jONMzfSzdSRS7XcyGU=
  dependencies:
    ms "2.1.2"

deep-is@^0.1.3:
  version "0.1.4"
  resolved "https://repo.gildata.com:443/artifactory/api/npm/npmhundsun/deep-is/-/deep-is-0.1.4.tgz"
  integrity sha1-pvLc5hL63S7x9Rm3NVHxfoUZmDE=

dir-glob@^3.0.1:
  version "3.0.1"
  resolved "https://repo.gildata.com:443/artifactory/api/npm/npmhundsun/dir-glob/-/dir-glob-3.0.1.tgz"
  integrity sha1-Vtv3PZkqSpO6FYT0U0Bj/S5BcX8=
  dependencies:
    path-type "^4.0.0"

doctrine@^3.0.0:
  version "3.0.0"
  resolved "https://repo.gildata.com:443/artifactory/api/npm/npmhundsun/doctrine/-/doctrine-3.0.0.tgz"
  integrity sha1-rd6+rXKmV023g2OdyHoSF3OXOWE=
  dependencies:
    esutils "^2.0.2"

escape-string-regexp@^4.0.0:
  version "4.0.0"
  resolved "https://repo.gildata.com:443/artifactory/api/npm/npmhundsun/escape-string-regexp/-/escape-string-regexp-4.0.0.tgz"
  integrity sha1-FLqDpdNz49MR5a/KKc9b+tllvzQ=

eslint-scope@^5.1.1:
  version "5.1.1"
  resolved "https://repo.gildata.com:443/artifactory/api/npm/npmhundsun/eslint-scope/-/eslint-scope-5.1.1.tgz"
  integrity sha1-54blmmbLkrP2wfsNUIqrF0hI9Iw=
  dependencies:
    esrecurse "^4.3.0"
    estraverse "^4.1.1"

eslint-scope@^7.1.1:
  version "7.1.1"
  resolved "https://repo.gildata.com:443/artifactory/api/npm/npmhundsun/eslint-scope/-/eslint-scope-7.1.1.tgz"
  integrity sha1-//NIlML2XlIm0wQaxIC0UToWNkI=
  dependencies:
    esrecurse "^4.3.0"
    estraverse "^5.2.0"

eslint-visitor-keys@^3.3.0:
  version "3.4.0"
  resolved "https://repo.gildata.com:443/artifactory/api/npm/npmhundsun/eslint-visitor-keys/-/eslint-visitor-keys-3.4.0.tgz"
  integrity sha1-x/D5VhJM5ncEfdvBkqaPmZRU3tw=

eslint@^8.36.0:
  version "8.36.0"
  resolved "https://repo.gildata.com:443/artifactory/api/npm/npmhundsun/eslint/-/eslint-8.36.0.tgz"
  integrity sha1-G9ciAiAKVJL5GAOxE/uKg7EShc8=
  dependencies:
    "@eslint-community/eslint-utils" "^4.2.0"
    "@eslint-community/regexpp" "^4.4.0"
    "@eslint/eslintrc" "^2.0.1"
    "@eslint/js" "8.36.0"
    "@humanwhocodes/config-array" "^0.11.8"
    "@humanwhocodes/module-importer" "^1.0.1"
    "@nodelib/fs.walk" "^1.2.8"
    ajv "^6.10.0"
    chalk "^4.0.0"
    cross-spawn "^7.0.2"
    debug "^4.3.2"
    doctrine "^3.0.0"
    escape-string-regexp "^4.0.0"
    eslint-scope "^7.1.1"
    eslint-visitor-keys "^3.3.0"
    espree "^9.5.0"
    esquery "^1.4.2"
    esutils "^2.0.2"
    fast-deep-equal "^3.1.3"
    file-entry-cache "^6.0.1"
    find-up "^5.0.0"
    glob-parent "^6.0.2"
    globals "^13.19.0"
    grapheme-splitter "^1.0.4"
    ignore "^5.2.0"
    import-fresh "^3.0.0"
    imurmurhash "^0.1.4"
    is-glob "^4.0.0"
    is-path-inside "^3.0.3"
    js-sdsl "^4.1.4"
    js-yaml "^4.1.0"
    json-stable-stringify-without-jsonify "^1.0.1"
    levn "^0.4.1"
    lodash.merge "^4.6.2"
    minimatch "^3.1.2"
    natural-compare "^1.4.0"
    optionator "^0.9.1"
    strip-ansi "^6.0.1"
    strip-json-comments "^3.1.0"
    text-table "^0.2.0"

espree@^9.5.0:
  version "9.5.0"
  resolved "https://repo.gildata.com:443/artifactory/api/npm/npmhundsun/espree/-/espree-9.5.0.tgz"
  integrity sha1-NkbU4/WJB0ZO26hS+gR+aie98RM=
  dependencies:
    acorn "^8.8.0"
    acorn-jsx "^5.3.2"
    eslint-visitor-keys "^3.3.0"

esquery@^1.4.2:
  version "1.5.0"
  resolved "https://repo.gildata.com:443/artifactory/api/npm/npmhundsun/esquery/-/esquery-1.5.0.tgz"
  integrity sha1-bOF3ON6Fd2lO3XNhxXGCrIyw2ws=
  dependencies:
    estraverse "^5.1.0"

esrecurse@^4.3.0:
  version "4.3.0"
  resolved "https://repo.gildata.com:443/artifactory/api/npm/npmhundsun/esrecurse/-/esrecurse-4.3.0.tgz"
  integrity sha1-eteWTWeauyi+5yzsY3WLHF0smSE=
  dependencies:
    estraverse "^5.2.0"

estraverse@^4.1.1:
  version "4.3.0"
  resolved "https://repo.gildata.com:443/artifactory/api/npm/npmhundsun/estraverse/-/estraverse-4.3.0.tgz"
  integrity sha1-OYrT88WiSUi+dyXoPRGn3ijNvR0=

estraverse@^5.1.0, estraverse@^5.2.0:
  version "5.3.0"
  resolved "https://repo.gildata.com:443/artifactory/api/npm/npmhundsun/estraverse/-/estraverse-5.3.0.tgz"
  integrity sha1-LupSkHAvJquP5TcDcP+GyWXSESM=

esutils@^2.0.2:
  version "2.0.3"
  resolved "https://repo.gildata.com:443/artifactory/api/npm/npmhundsun/esutils/-/esutils-2.0.3.tgz"
  integrity sha1-dNLrTeC42hKTcRkQ1Qd1ubcQ72Q=

fast-deep-equal@^3.1.1, fast-deep-equal@^3.1.3:
  version "3.1.3"
  resolved "https://repo.gildata.com:443/artifactory/api/npm/npmhundsun/fast-deep-equal/-/fast-deep-equal-3.1.3.tgz"
  integrity sha1-On1WtVnWy8PrUSMlJE5hmmXGxSU=

fast-glob@^3.2.9:
  version "3.2.12"
  resolved "https://repo.gildata.com:443/artifactory/api/npm/npmhundsun/fast-glob/-/fast-glob-3.2.12.tgz"
  integrity sha1-fznsmcLmqwMDNxQtqeDBjzevroA=
  dependencies:
    "@nodelib/fs.stat" "^2.0.2"
    "@nodelib/fs.walk" "^1.2.3"
    glob-parent "^5.1.2"
    merge2 "^1.3.0"
    micromatch "^4.0.4"

fast-json-stable-stringify@^2.0.0:
  version "2.1.0"
  resolved "https://repo.gildata.com:443/artifactory/api/npm/npmhundsun/fast-json-stable-stringify/-/fast-json-stable-stringify-2.1.0.tgz"
  integrity sha1-h0v2nG9ATCtdmcSBNBOZ/VWJJjM=

fast-levenshtein@^2.0.6:
  version "2.0.6"
  resolved "https://repo.gildata.com:443/artifactory/api/npm/npmhundsun/fast-levenshtein/-/fast-levenshtein-2.0.6.tgz"
  integrity sha1-PYpcZog6FqMMqGQ+hR8Zuqd5eRc=

fastq@^1.6.0:
  version "1.15.0"
  resolved "https://repo.gildata.com:443/artifactory/api/npm/npmhundsun/fastq/-/fastq-1.15.0.tgz"
  integrity sha1-0E0HxqKmj+RZn+qNLhA6k3+uazo=
  dependencies:
    reusify "^1.0.4"

file-entry-cache@^6.0.1:
  version "6.0.1"
  resolved "https://repo.gildata.com:443/artifactory/api/npm/npmhundsun/file-entry-cache/-/file-entry-cache-6.0.1.tgz"
  integrity sha1-IRst2WWcsDlLBz5zI6w8kz1SICc=
  dependencies:
    flat-cache "^3.0.4"

fill-range@^7.0.1:
  version "7.0.1"
  resolved "https://repo.gildata.com:443/artifactory/api/npm/npmhundsun/fill-range/-/fill-range-7.0.1.tgz"
  integrity sha1-GRmmp8df44ssfHflGYU12prN2kA=
  dependencies:
    to-regex-range "^5.0.1"

find-up@^5.0.0:
  version "5.0.0"
  resolved "https://repo.gildata.com:443/artifactory/api/npm/npmhundsun/find-up/-/find-up-5.0.0.tgz"
  integrity sha1-TJKBnstwg1YeT0okCoa+UZj1Nvw=
  dependencies:
    locate-path "^6.0.0"
    path-exists "^4.0.0"

flat-cache@^3.0.4:
  version "3.0.4"
  resolved "https://repo.gildata.com:443/artifactory/api/npm/npmhundsun/flat-cache/-/flat-cache-3.0.4.tgz"
  integrity sha1-YbAzgwKy/p+Vfcwy/CqH8cMEixE=
  dependencies:
    flatted "^3.1.0"
    rimraf "^3.0.2"

flatted@^3.1.0:
  version "3.2.7"
  resolved "https://repo.gildata.com:443/artifactory/api/npm/npmhundsun/flatted/-/flatted-3.2.7.tgz"
  integrity sha1-YJ85IHy2FLidB2W0d8stQ3+/l4c=

fs.realpath@^1.0.0:
  version "1.0.0"
  resolved "https://repo.gildata.com:443/artifactory/api/npm/npmhundsun/fs.realpath/-/fs.realpath-1.0.0.tgz"
  integrity sha1-FQStJSMVjKpA20onh8sBQRmU6k8=

glob-parent@^5.1.2:
  version "5.1.2"
  resolved "https://repo.gildata.com:443/artifactory/api/npm/npmhundsun/glob-parent/-/glob-parent-5.1.2.tgz"
  integrity sha1-hpgyxYA0/mikCTwX3BXoNA2EAcQ=
  dependencies:
    is-glob "^4.0.1"

glob-parent@^6.0.2:
  version "6.0.2"
  resolved "https://repo.gildata.com:443/artifactory/api/npm/npmhundsun/glob-parent/-/glob-parent-6.0.2.tgz"
  integrity sha1-bSN9mQg5UMeSkPJMdkKj3poo+eM=
  dependencies:
    is-glob "^4.0.3"

glob@^7.1.3:
  version "7.2.3"
  resolved "https://repo.gildata.com:443/artifactory/api/npm/npmhundsun/glob/-/glob-7.2.3.tgz"
  integrity sha1-uN8PuAK7+o6JvR2Ti04WV47UTys=
  dependencies:
    fs.realpath "^1.0.0"
    inflight "^1.0.4"
    inherits "2"
    minimatch "^3.1.1"
    once "^1.3.0"
    path-is-absolute "^1.0.0"

globals@^13.19.0:
  version "13.20.0"
  resolved "https://repo.gildata.com:443/artifactory/api/npm/npmhundsun/globals/-/globals-13.20.0.tgz"
  integrity sha1-6idqHlCP/U8WEoiPnRutHicXv4I=
  dependencies:
    type-fest "^0.20.2"

globby@^11.1.0:
  version "11.1.0"
  resolved "https://repo.gildata.com:443/artifactory/api/npm/npmhundsun/globby/-/globby-11.1.0.tgz"
  integrity sha1-vUvpi7BC+D15b344EZkfvoKg00s=
  dependencies:
    array-union "^2.1.0"
    dir-glob "^3.0.1"
    fast-glob "^3.2.9"
    ignore "^5.2.0"
    merge2 "^1.4.1"
    slash "^3.0.0"

grapheme-splitter@^1.0.4:
  version "1.0.4"
  resolved "https://repo.gildata.com:443/artifactory/api/npm/npmhundsun/grapheme-splitter/-/grapheme-splitter-1.0.4.tgz"
  integrity sha1-nPOmZcYkdHmJaDSvNc8du0QAdn4=

has-flag@^4.0.0:
  version "4.0.0"
  resolved "https://repo.gildata.com:443/artifactory/api/npm/npmhundsun/has-flag/-/has-flag-4.0.0.tgz"
  integrity sha1-lEdx/ZyByBJlxNaUGGDaBrtZR5s=

ignore@^5.2.0:
  version "5.2.4"
  resolved "https://repo.gildata.com:443/artifactory/api/npm/npmhundsun/ignore/-/ignore-5.2.4.tgz"
  integrity sha1-opHAxheP8blgvv5H/N7DAWdKYyQ=

import-fresh@^3.0.0, import-fresh@^3.2.1:
  version "3.3.0"
  resolved "https://repo.gildata.com:443/artifactory/api/npm/npmhundsun/import-fresh/-/import-fresh-3.3.0.tgz"
  integrity sha1-NxYsJfy566oublPVtNiM4X2eDCs=
  dependencies:
    parent-module "^1.0.0"
    resolve-from "^4.0.0"

imurmurhash@^0.1.4:
  version "0.1.4"
  resolved "https://repo.gildata.com:443/artifactory/api/npm/npmhundsun/imurmurhash/-/imurmurhash-0.1.4.tgz"
  integrity sha1-khi5srkoojixPcT7a21XbyMUU+o=

inflight@^1.0.4:
  version "1.0.6"
  resolved "https://repo.gildata.com:443/artifactory/api/npm/npmhundsun/inflight/-/inflight-1.0.6.tgz"
  integrity sha1-Sb1jMdfQLQwJvJEKEHW6gWW1bfk=
  dependencies:
    once "^1.3.0"
    wrappy "1"

inherits@2:
  version "2.0.4"
  resolved "https://repo.gildata.com:443/artifactory/api/npm/npmhundsun/inherits/-/inherits-2.0.4.tgz"
  integrity sha1-D6LGT5MpF8NDOg3tVTY6rjdBa3w=

is-extglob@^2.1.1:
  version "2.1.1"
  resolved "https://repo.gildata.com:443/artifactory/api/npm/npmhundsun/is-extglob/-/is-extglob-2.1.1.tgz"
  integrity sha1-qIwCU1eR8C7TfHahueqXc8gz+MI=

is-glob@^4.0.0, is-glob@^4.0.1, is-glob@^4.0.3:
  version "4.0.3"
  resolved "https://repo.gildata.com:443/artifactory/api/npm/npmhundsun/is-glob/-/is-glob-4.0.3.tgz"
  integrity sha1-ZPYeQsu7LuwgcanawLKLoeZdUIQ=
  dependencies:
    is-extglob "^2.1.1"

is-number@^7.0.0:
  version "7.0.0"
  resolved "https://repo.gildata.com:443/artifactory/api/npm/npmhundsun/is-number/-/is-number-7.0.0.tgz"
  integrity sha1-dTU0W4lnNNX4DE0GxQlVUnoU8Ss=

is-path-inside@^3.0.3:
  version "3.0.3"
  resolved "https://repo.gildata.com:443/artifactory/api/npm/npmhundsun/is-path-inside/-/is-path-inside-3.0.3.tgz"
  integrity sha1-0jE2LlOgf/Kw4Op/7QSRYf/RYoM=

isexe@^2.0.0:
  version "2.0.0"
  resolved "https://repo.gildata.com:443/artifactory/api/npm/npmhundsun/isexe/-/isexe-2.0.0.tgz"
  integrity sha1-6PvzdNxVb/iUehDcsFctYz8s+hA=

js-md5@^0.8.3:
  version "0.8.3"
  resolved "https://registry.npmjs.org/js-md5/-/js-md5-0.8.3.tgz#921bab7efa95bfc9d62b87ee08a57f8fe4305b69"
  integrity sha512-qR0HB5uP6wCuRMrWPTrkMaev7MJZwJuuw4fnwAzRgP4J4/F8RwtodOKpGp4XpqsLBFzzgqIO42efFAyz2Et6KQ==

js-sdsl@^4.1.4:
  version "4.4.0"
  resolved "https://repo.gildata.com:443/artifactory/api/npm/npmhundsun/js-sdsl/-/js-sdsl-4.4.0.tgz"
  integrity sha1-i0N9vmQtqpV2BAC2AjeO2P/qhDA=

js-yaml@^4.1.0:
  version "4.1.0"
  resolved "https://repo.gildata.com:443/artifactory/api/npm/npmhundsun/js-yaml/-/js-yaml-4.1.0.tgz"
  integrity sha1-wftl+PUBeQHN0slRhkuhhFihBgI=
  dependencies:
    argparse "^2.0.1"

json-schema-traverse@^0.4.1:
  version "0.4.1"
  resolved "https://repo.gildata.com:443/artifactory/api/npm/npmhundsun/json-schema-traverse/-/json-schema-traverse-0.4.1.tgz"
  integrity sha1-afaofZUTq4u4/mO9sJecRI5oRmA=

json-stable-stringify-without-jsonify@^1.0.1:
  version "1.0.1"
  resolved "https://repo.gildata.com:443/artifactory/api/npm/npmhundsun/json-stable-stringify-without-jsonify/-/json-stable-stringify-without-jsonify-1.0.1.tgz"
  integrity sha1-nbe1lJatPzz+8wp1FC0tkwrXJlE=

levn@^0.4.1:
  version "0.4.1"
  resolved "https://repo.gildata.com:443/artifactory/api/npm/npmhundsun/levn/-/levn-0.4.1.tgz"
  integrity sha1-rkViwAdHO5MqYgDUAyaN0v/8at4=
  dependencies:
    prelude-ls "^1.2.1"
    type-check "~0.4.0"

locate-path@^6.0.0:
  version "6.0.0"
  resolved "https://repo.gildata.com:443/artifactory/api/npm/npmhundsun/locate-path/-/locate-path-6.0.0.tgz"
  integrity sha1-VTIeswn+u8WcSAHZMackUqaB0oY=
  dependencies:
    p-locate "^5.0.0"

lodash.merge@^4.6.2:
  version "4.6.2"
  resolved "https://repo.gildata.com:443/artifactory/api/npm/npmhundsun/lodash.merge/-/lodash.merge-4.6.2.tgz"
  integrity sha1-VYqlO0O2YeGSWgr9+japoQhf5Xo=

lodash@^4.17.21:
  version "4.17.21"
  resolved "https://repo.gildata.com:443/artifactory/api/npm/npmhundsun/lodash/-/lodash-4.17.21.tgz"
  integrity sha1-Z5WRxWTDv/quhFTPCz3zcMPWkRw=

lru-cache@^6.0.0:
  version "6.0.0"
  resolved "https://repo.gildata.com:443/artifactory/api/npm/npmhundsun/lru-cache/-/lru-cache-6.0.0.tgz"
  integrity sha1-bW/mVw69lqr5D8rR2vo7JWbbOpQ=
  dependencies:
    yallist "^4.0.0"

merge2@^1.3.0, merge2@^1.4.1:
  version "1.4.1"
  resolved "https://repo.gildata.com:443/artifactory/api/npm/npmhundsun/merge2/-/merge2-1.4.1.tgz"
  integrity sha1-Q2iJL4hekHRVpv19xVwMnUBJkK4=

micromatch@^4.0.4:
  version "4.0.5"
  resolved "https://repo.gildata.com:443/artifactory/api/npm/npmhundsun/micromatch/-/micromatch-4.0.5.tgz"
  integrity sha1-vImZp8u/d83InxMvbkZwUbSQkMY=
  dependencies:
    braces "^3.0.2"
    picomatch "^2.3.1"

minimatch@^3.0.5, minimatch@^3.1.1, minimatch@^3.1.2:
  version "3.1.2"
  resolved "https://repo.gildata.com:443/artifactory/api/npm/npmhundsun/minimatch/-/minimatch-3.1.2.tgz"
  integrity sha1-Gc0ZS/0+Qo8EmnCBfAONiatL41s=
  dependencies:
    brace-expansion "^1.1.7"

ms@2.1.2:
  version "2.1.2"
  resolved "https://repo.gildata.com:443/artifactory/api/npm/npmhundsun/ms/-/ms-2.1.2.tgz"
  integrity sha1-0J0fNXtEP0kzgqjrPM0YOHKuYAk=

nanoid@^4.0.2:
  version "4.0.2"
  resolved "https://repo.gildata.com:443/artifactory/api/npm/npmhundsun/nanoid/-/nanoid-4.0.2.tgz"
  integrity sha1-FAs8UAOVmtvr9SHBcPKCxef5+54=

natural-compare-lite@^1.4.0:
  version "1.4.0"
  resolved "https://repo.gildata.com:443/artifactory/api/npm/npmhundsun/natural-compare-lite/-/natural-compare-lite-1.4.0.tgz"
  integrity sha1-F7CVgZiJef3a/gIB6TG6kzyWy7Q=

natural-compare@^1.4.0:
  version "1.4.0"
  resolved "https://repo.gildata.com:443/artifactory/api/npm/npmhundsun/natural-compare/-/natural-compare-1.4.0.tgz"
  integrity sha1-Sr6/7tdUHywnrPspvbvRXI1bpPc=

once@^1.3.0:
  version "1.4.0"
  resolved "https://repo.gildata.com:443/artifactory/api/npm/npmhundsun/once/-/once-1.4.0.tgz"
  integrity sha1-WDsap3WWHUsROsF9nFC6753Xa9E=
  dependencies:
    wrappy "1"

optionator@^0.9.1:
  version "0.9.1"
  resolved "https://repo.gildata.com:443/artifactory/api/npm/npmhundsun/optionator/-/optionator-0.9.1.tgz"
  integrity sha1-TyNqY3Pa4FZqbUPhMmZ09QwpFJk=
  dependencies:
    deep-is "^0.1.3"
    fast-levenshtein "^2.0.6"
    levn "^0.4.1"
    prelude-ls "^1.2.1"
    type-check "^0.4.0"
    word-wrap "^1.2.3"

p-limit@^3.0.2:
  version "3.1.0"
  resolved "https://repo.gildata.com:443/artifactory/api/npm/npmhundsun/p-limit/-/p-limit-3.1.0.tgz"
  integrity sha1-4drMvnjQ0TiMoYxk/qOOPlfjcGs=
  dependencies:
    yocto-queue "^0.1.0"

p-locate@^5.0.0:
  version "5.0.0"
  resolved "https://repo.gildata.com:443/artifactory/api/npm/npmhundsun/p-locate/-/p-locate-5.0.0.tgz"
  integrity sha1-g8gxXGeFAF470CGDlBHJ4RDm2DQ=
  dependencies:
    p-limit "^3.0.2"

parent-module@^1.0.0:
  version "1.0.1"
  resolved "https://repo.gildata.com:443/artifactory/api/npm/npmhundsun/parent-module/-/parent-module-1.0.1.tgz"
  integrity sha1-aR0nCeeMefrjoVZiJFLQB2LKqqI=
  dependencies:
    callsites "^3.0.0"

path-exists@^4.0.0:
  version "4.0.0"
  resolved "https://repo.gildata.com:443/artifactory/api/npm/npmhundsun/path-exists/-/path-exists-4.0.0.tgz"
  integrity sha1-UTvb4tO5XXdi6METfvoZXGxhtbM=

path-is-absolute@^1.0.0:
  version "1.0.1"
  resolved "https://repo.gildata.com:443/artifactory/api/npm/npmhundsun/path-is-absolute/-/path-is-absolute-1.0.1.tgz"
  integrity sha1-F0uSaHNVNP+8es5r9TpanhtcX18=

path-key@^3.1.0:
  version "3.1.1"
  resolved "https://repo.gildata.com:443/artifactory/api/npm/npmhundsun/path-key/-/path-key-3.1.1.tgz"
  integrity sha1-WB9q3mWMu6ZaDTOA3ndTKVBU83U=

path-type@^4.0.0:
  version "4.0.0"
  resolved "https://repo.gildata.com:443/artifactory/api/npm/npmhundsun/path-type/-/path-type-4.0.0.tgz"
  integrity sha1-hO0BwKe6OAr+CdkKjBgNzZ0DBDs=

picomatch@^2.3.1:
  version "2.3.1"
  resolved "https://repo.gildata.com:443/artifactory/api/npm/npmhundsun/picomatch/-/picomatch-2.3.1.tgz"
  integrity sha1-O6ODNzNkbZ0+SZWUbBNlpn+wekI=

prelude-ls@^1.2.1:
  version "1.2.1"
  resolved "https://repo.gildata.com:443/artifactory/api/npm/npmhundsun/prelude-ls/-/prelude-ls-1.2.1.tgz"
  integrity sha1-3rxkidem5rDnYRiIzsiAM30xY5Y=

punycode@^2.1.0:
  version "2.3.0"
  resolved "https://repo.gildata.com:443/artifactory/api/npm/npmhundsun/punycode/-/punycode-2.3.0.tgz"
  integrity sha1-9n+mfJTaj00M//mBruQRgGQZm48=

queue-microtask@^1.2.2:
  version "1.2.3"
  resolved "https://repo.gildata.com:443/artifactory/api/npm/npmhundsun/queue-microtask/-/queue-microtask-1.2.3.tgz"
  integrity sha1-SSkii7xyTfrEPg77BYyve2z7YkM=

resolve-from@^4.0.0:
  version "4.0.0"
  resolved "https://repo.gildata.com:443/artifactory/api/npm/npmhundsun/resolve-from/-/resolve-from-4.0.0.tgz"
  integrity sha1-SrzYUq0y3Xuqv+m0DgCjbbXzkuY=

reusify@^1.0.4:
  version "1.0.4"
  resolved "https://repo.gildata.com:443/artifactory/api/npm/npmhundsun/reusify/-/reusify-1.0.4.tgz"
  integrity sha1-kNo4Kx4SbvwCFG6QhFqI2xKSXXY=

rimraf@^3.0.2:
  version "3.0.2"
  resolved "https://repo.gildata.com:443/artifactory/api/npm/npmhundsun/rimraf/-/rimraf-3.0.2.tgz"
  integrity sha1-8aVAK6YiCtUswSgrrBrjqkn9Bho=
  dependencies:
    glob "^7.1.3"

run-parallel@^1.1.9:
  version "1.2.0"
  resolved "https://repo.gildata.com:443/artifactory/api/npm/npmhundsun/run-parallel/-/run-parallel-1.2.0.tgz"
  integrity sha1-ZtE2jae9+SHrnZW9GpIp5/IaQ+4=
  dependencies:
    queue-microtask "^1.2.2"

semver@^7.3.7:
  version "7.3.8"
  resolved "https://repo.gildata.com:443/artifactory/api/npm/npmhundsun/semver/-/semver-7.3.8.tgz"
  integrity sha1-B6eP6vs/ezI0fXJeM95+Ki32d5g=
  dependencies:
    lru-cache "^6.0.0"

shebang-command@^2.0.0:
  version "2.0.0"
  resolved "https://repo.gildata.com:443/artifactory/api/npm/npmhundsun/shebang-command/-/shebang-command-2.0.0.tgz"
  integrity sha1-zNCvT4g1+9wmW4JGGq8MNmY/NOo=
  dependencies:
    shebang-regex "^3.0.0"

shebang-regex@^3.0.0:
  version "3.0.0"
  resolved "https://repo.gildata.com:443/artifactory/api/npm/npmhundsun/shebang-regex/-/shebang-regex-3.0.0.tgz"
  integrity sha1-rhbxZE2HPsrYQ7AwexQzYtTEIXI=

slash@^3.0.0:
  version "3.0.0"
  resolved "https://repo.gildata.com:443/artifactory/api/npm/npmhundsun/slash/-/slash-3.0.0.tgz"
  integrity sha1-ZTm+hwwWWtvVJAIg2+Nh8bxNRjQ=

strip-ansi@^6.0.1:
  version "6.0.1"
  resolved "https://repo.gildata.com:443/artifactory/api/npm/npmhundsun/strip-ansi/-/strip-ansi-6.0.1.tgz"
  integrity sha1-nibGPTD1NEPpSJSVshBdN7Z6hdk=
  dependencies:
    ansi-regex "^5.0.1"

strip-json-comments@^3.1.0, strip-json-comments@^3.1.1:
  version "3.1.1"
  resolved "https://repo.gildata.com:443/artifactory/api/npm/npmhundsun/strip-json-comments/-/strip-json-comments-3.1.1.tgz"
  integrity sha1-MfEoGzgyYwQ0gxwxDAHMzajL4AY=

supports-color@^7.1.0:
  version "7.2.0"
  resolved "https://repo.gildata.com:443/artifactory/api/npm/npmhundsun/supports-color/-/supports-color-7.2.0.tgz"
  integrity sha1-G33NyzK4E4gBs+R4umpRyqiWSNo=
  dependencies:
    has-flag "^4.0.0"

text-table@^0.2.0:
  version "0.2.0"
  resolved "https://repo.gildata.com:443/artifactory/api/npm/npmhundsun/text-table/-/text-table-0.2.0.tgz"
  integrity sha1-f17oI66AUgfACvLfSoTsP8+lcLQ=

to-regex-range@^5.0.1:
  version "5.0.1"
  resolved "https://repo.gildata.com:443/artifactory/api/npm/npmhundsun/to-regex-range/-/to-regex-range-5.0.1.tgz"
  integrity sha1-FkjESq58jZiKMmAY7XL1tN0DkuQ=
  dependencies:
    is-number "^7.0.0"

tslib@^1.8.1:
  version "1.14.1"
  resolved "https://repo.gildata.com:443/artifactory/api/npm/npmhundsun/tslib/-/tslib-1.14.1.tgz"
  integrity sha1-zy04vcNKE0vK8QkcQfZhni9nLQA=

tsutils@^3.21.0:
  version "3.21.0"
  resolved "https://repo.gildata.com:443/artifactory/api/npm/npmhundsun/tsutils/-/tsutils-3.21.0.tgz"
  integrity sha1-tIcX05TOpsHglpg+7Vjp1hcVtiM=
  dependencies:
    tslib "^1.8.1"

type-check@^0.4.0, type-check@~0.4.0:
  version "0.4.0"
  resolved "https://repo.gildata.com:443/artifactory/api/npm/npmhundsun/type-check/-/type-check-0.4.0.tgz"
  integrity sha1-B7ggO/pwVsBlcFDjzNLDdzC6uPE=
  dependencies:
    prelude-ls "^1.2.1"

type-fest@^0.20.2:
  version "0.20.2"
  resolved "https://repo.gildata.com:443/artifactory/api/npm/npmhundsun/type-fest/-/type-fest-0.20.2.tgz"
  integrity sha1-G/IH9LKPkVg2ZstfvTJ4hzAc1fQ=

typescript@^5.8.3:
  version "5.8.3"
  resolved "https://registry.npmjs.org/typescript/-/typescript-5.8.3.tgz#92f8a3e5e3cf497356f4178c34cd65a7f5e8440e"
  integrity sha512-p1diW6TqL9L07nNxvRMM7hMMw4c5XOo/1ibL4aAIGmSAt9slTE1Xgw5KWuof2uTOvCg9BY7ZRi+GaF+7sfgPeQ==

uri-js@^4.2.2:
  version "4.4.1"
  resolved "https://repo.gildata.com:443/artifactory/api/npm/npmhundsun/uri-js/-/uri-js-4.4.1.tgz"
  integrity sha1-mxpSWVIlhZ5V9mnZKPiMbFfyp34=
  dependencies:
    punycode "^2.1.0"

which@^2.0.1:
  version "2.0.2"
  resolved "https://repo.gildata.com:443/artifactory/api/npm/npmhundsun/which/-/which-2.0.2.tgz"
  integrity sha1-fGqN0KY2oDJ+ELWckobu6T8/UbE=
  dependencies:
    isexe "^2.0.0"

word-wrap@^1.2.3:
  version "1.2.3"
  resolved "https://repo.gildata.com:443/artifactory/api/npm/npmhundsun/word-wrap/-/word-wrap-1.2.3.tgz"
  integrity sha1-YQY29rH3A4kb00dxzLF/uTtHB5w=

wrappy@1:
  version "1.0.2"
  resolved "https://repo.gildata.com:443/artifactory/api/npm/npmhundsun/wrappy/-/wrappy-1.0.2.tgz"
  integrity sha1-tSQ9jz7BqjXxNkYFvA0QNuMKtp8=

yallist@^4.0.0:
  version "4.0.0"
  resolved "https://repo.gildata.com:443/artifactory/api/npm/npmhundsun/yallist/-/yallist-4.0.0.tgz"
  integrity sha1-m7knkNnA7/7GO+c1GeEaNQGaOnI=

yocto-queue@^0.1.0:
  version "0.1.0"
  resolved "https://repo.gildata.com:443/artifactory/api/npm/npmhundsun/yocto-queue/-/yocto-queue-0.1.0.tgz"
  integrity sha1-ApTrPe4FAo0x7hpfosVWpqrxChs=
